
Microsoft Visual Studio Solution File, Format Version 12.00
# Visual Studio 15
Project("{FAE04EC0-301F-11D3-BF4B-00C04F79EFBC}") = "IoTHubServo", "IoTHubServo\IoTHubServo.csproj", "{9D415A8F-D9A9-408F-9DF5-93FBB2D943BE}"
EndProject
Project("{FAE04EC0-301F-11D3-BF4B-00C04F79EFBC}") = "IoTHubServo.Infrastructure", "IoTHubServo.Infrastructure\IoTHubServo.Infrastructure.csproj", "{538B34A6-BB2A-4987-80CD-14594E243D10}"
EndProject
Project("{FAE04EC0-301F-11D3-BF4B-00C04F79EFBC}") = "IoTHubServo.Domain", "IoTHubServo.Domain\IoTHubServo.Domain.csproj", "{DF96F6D8-B6FB-4569-88CE-5B4397BE2E58}"
EndProject
Global
	GlobalSection(SolutionConfigurationPlatforms) = preSolution
		Debug|Any CPU = Debug|Any CPU
		Release|Any CPU = Release|Any CPU
	EndGlobalSection
	GlobalSection(ProjectConfigurationPlatforms) = postSolution
		{9D415A8F-D9A9-408F-9DF5-93FBB2D943BE}.Debug|Any CPU.ActiveCfg = Debug|Any CPU
		{9D415A8F-D9A9-408F-9DF5-93FBB2D943BE}.Debug|Any CPU.Build.0 = Debug|Any CPU
		{9D415A8F-D9A9-408F-9DF5-93FBB2D943BE}.Release|Any CPU.ActiveCfg = Release|Any CPU
		{9D415A8F-D9A9-408F-9DF5-93FBB2D943BE}.Release|Any CPU.Build.0 = Release|Any CPU
		{538B34A6-BB2A-4987-80CD-14594E243D10}.Debug|Any CPU.ActiveCfg = Debug|Any CPU
		{538B34A6-BB2A-4987-80CD-14594E243D10}.Debug|Any CPU.Build.0 = Debug|Any CPU
		{538B34A6-BB2A-4987-80CD-14594E243D10}.Release|Any CPU.ActiveCfg = Release|Any CPU
		{538B34A6-BB2A-4987-80CD-14594E243D10}.Release|Any CPU.Build.0 = Release|Any CPU
		{DF96F6D8-B6FB-4569-88CE-5B4397BE2E58}.Debug|Any CPU.ActiveCfg = Debug|Any CPU
		{DF96F6D8-B6FB-4569-88CE-5B4397BE2E58}.Debug|Any CPU.Build.0 = Debug|Any CPU
		{DF96F6D8-B6FB-4569-88CE-5B4397BE2E58}.Release|Any CPU.ActiveCfg = Release|Any CPU
		{DF96F6D8-B6FB-4569-88CE-5B4397BE2E58}.Release|Any CPU.Build.0 = Release|Any CPU
	EndGlobalSection
EndGlobal
